
Microsoft Visual Studio Solution File, Format Version 12.00
# Visual Studio Version 17
VisualStudioVersion = 17.10.34707.107
MinimumVisualStudioVersion = 10.0.40219.1
Project("{FAE04EC0-301F-11D3-BF4B-00C04F79EFBC}") = "Simulacion_Semaforo", "Simulacion_Semaforo.csproj", "{D12AEAAC-B63F-4B1D-9E64-F6D66D827C84}"
EndProject
Global
	GlobalSection(SolutionConfigurationPlatforms) = preSolution
		Debug|Any CPU = Debug|Any CPU
		Release|Any CPU = Release|Any CPU
	EndGlobalSection
	GlobalSection(ProjectConfigurationPlatforms) = postSolution
		{D12AEAAC-B63F-4B1D-9E64-F6D66D827C84}.Debug|Any CPU.ActiveCfg = Debug|Any CPU
		{D12AEAAC-B63F-4B1D-9E64-F6D66D827C84}.Debug|Any CPU.Build.0 = Debug|Any CPU
		{D12AEAAC-B63F-4B1D-9E64-F6D66D827C84}.Release|Any CPU.ActiveCfg = Release|Any CPU
		{D12AEAAC-B63F-4B1D-9E64-F6D66D827C84}.Release|Any CPU.Build.0 = Release|Any CPU
	EndGlobalSection
	GlobalSection(SolutionProperties) = preSolution
		HideSolutionNode = FALSE
	EndGlobalSection
	GlobalSection(ExtensibilityGlobals) = postSolution
		SolutionGuid = {C65B4FF1-7929-4BB7-AB5D-F3B9C416EDBC}
	EndGlobalSection
EndGlobal
